
Microsoft Visual Studio Solution File, Format Version 12.00
# Visual Studio Version 16
VisualStudioVersion = 16.0.31424.327
MinimumVisualStudioVersion = 10.0.40219.1
Project("{9A19103F-16F7-4668-BE54-9A1E7A4F7556}") = "DataCollection.Producer", "DataCollection\DataCollection.Producer.csproj", "{0229030A-52EA-43DF-81AD-56656E36C98F}"
EndProject
Project("{9A19103F-16F7-4668-BE54-9A1E7A4F7556}") = "DataCollection.Contracts", "DataCollection.Contracts\DataCollection.Contracts.csproj", "{CF92C3AB-05D2-4BCD-923D-A8327D7EE718}"
EndProject
Project("{9A19103F-16F7-4668-BE54-9A1E7A4F7556}") = "DataCollection.Consumers", "DataCollection.Consumers\DataCollection.Consumers.csproj", "{3D79D602-3B9C-42EF-BEF9-4E0D38BA071C}"
EndProject
Project("{FAE04EC0-301F-11D3-BF4B-00C04F79EFBC}") = "DataCollection.Service", "DataCollection.Service\DataCollection.Service.csproj", "{EBA341E9-E2DD-44F5-B821-F6341999DCE0}"
EndProject
Project("{FAE04EC0-301F-11D3-BF4B-00C04F79EFBC}") = "DataCollection.Entities", "DataCollection.Entities\DataCollection.Entities.csproj", "{EFBAF3D5-0E1B-4D1F-B9B9-379E9A00647B}"
EndProject
Global
	GlobalSection(SolutionConfigurationPlatforms) = preSolution
		Debug|Any CPU = Debug|Any CPU
		Debug|x64 = Debug|x64
		Release|Any CPU = Release|Any CPU
		Release|x64 = Release|x64
	EndGlobalSection
	GlobalSection(ProjectConfigurationPlatforms) = postSolution
		{0229030A-52EA-43DF-81AD-56656E36C98F}.Debug|Any CPU.ActiveCfg = Debug|Any CPU
		{0229030A-52EA-43DF-81AD-56656E36C98F}.Debug|Any CPU.Build.0 = Debug|Any CPU
		{0229030A-52EA-43DF-81AD-56656E36C98F}.Debug|x64.ActiveCfg = Debug|x64
		{0229030A-52EA-43DF-81AD-56656E36C98F}.Debug|x64.Build.0 = Debug|x64
		{0229030A-52EA-43DF-81AD-56656E36C98F}.Release|Any CPU.ActiveCfg = Release|Any CPU
		{0229030A-52EA-43DF-81AD-56656E36C98F}.Release|Any CPU.Build.0 = Release|Any CPU
		{0229030A-52EA-43DF-81AD-56656E36C98F}.Release|x64.ActiveCfg = Release|x64
		{0229030A-52EA-43DF-81AD-56656E36C98F}.Release|x64.Build.0 = Release|x64
		{CF92C3AB-05D2-4BCD-923D-A8327D7EE718}.Debug|Any CPU.ActiveCfg = Debug|Any CPU
		{CF92C3AB-05D2-4BCD-923D-A8327D7EE718}.Debug|Any CPU.Build.0 = Debug|Any CPU
		{CF92C3AB-05D2-4BCD-923D-A8327D7EE718}.Debug|x64.ActiveCfg = Debug|Any CPU
		{CF92C3AB-05D2-4BCD-923D-A8327D7EE718}.Debug|x64.Build.0 = Debug|Any CPU
		{CF92C3AB-05D2-4BCD-923D-A8327D7EE718}.Release|Any CPU.ActiveCfg = Release|Any CPU
		{CF92C3AB-05D2-4BCD-923D-A8327D7EE718}.Release|Any CPU.Build.0 = Release|Any CPU
		{CF92C3AB-05D2-4BCD-923D-A8327D7EE718}.Release|x64.ActiveCfg = Release|Any CPU
		{CF92C3AB-05D2-4BCD-923D-A8327D7EE718}.Release|x64.Build.0 = Release|Any CPU
		{3D79D602-3B9C-42EF-BEF9-4E0D38BA071C}.Debug|Any CPU.ActiveCfg = Debug|Any CPU
		{3D79D602-3B9C-42EF-BEF9-4E0D38BA071C}.Debug|Any CPU.Build.0 = Debug|Any CPU
		{3D79D602-3B9C-42EF-BEF9-4E0D38BA071C}.Debug|x64.ActiveCfg = Debug|Any CPU
		{3D79D602-3B9C-42EF-BEF9-4E0D38BA071C}.Debug|x64.Build.0 = Debug|Any CPU
		{3D79D602-3B9C-42EF-BEF9-4E0D38BA071C}.Release|Any CPU.ActiveCfg = Release|Any CPU
		{3D79D602-3B9C-42EF-BEF9-4E0D38BA071C}.Release|Any CPU.Build.0 = Release|Any CPU
		{3D79D602-3B9C-42EF-BEF9-4E0D38BA071C}.Release|x64.ActiveCfg = Release|Any CPU
		{3D79D602-3B9C-42EF-BEF9-4E0D38BA071C}.Release|x64.Build.0 = Release|Any CPU
		{EBA341E9-E2DD-44F5-B821-F6341999DCE0}.Debug|Any CPU.ActiveCfg = Debug|Any CPU
		{EBA341E9-E2DD-44F5-B821-F6341999DCE0}.Debug|Any CPU.Build.0 = Debug|Any CPU
		{EBA341E9-E2DD-44F5-B821-F6341999DCE0}.Debug|x64.ActiveCfg = Debug|Any CPU
		{EBA341E9-E2DD-44F5-B821-F6341999DCE0}.Debug|x64.Build.0 = Debug|Any CPU
		{EBA341E9-E2DD-44F5-B821-F6341999DCE0}.Release|Any CPU.ActiveCfg = Release|Any CPU
		{EBA341E9-E2DD-44F5-B821-F6341999DCE0}.Release|Any CPU.Build.0 = Release|Any CPU
		{EBA341E9-E2DD-44F5-B821-F6341999DCE0}.Release|x64.ActiveCfg = Release|Any CPU
		{EBA341E9-E2DD-44F5-B821-F6341999DCE0}.Release|x64.Build.0 = Release|Any CPU
		{EFBAF3D5-0E1B-4D1F-B9B9-379E9A00647B}.Debug|Any CPU.ActiveCfg = Debug|Any CPU
		{EFBAF3D5-0E1B-4D1F-B9B9-379E9A00647B}.Debug|Any CPU.Build.0 = Debug|Any CPU
		{EFBAF3D5-0E1B-4D1F-B9B9-379E9A00647B}.Debug|x64.ActiveCfg = Debug|Any CPU
		{EFBAF3D5-0E1B-4D1F-B9B9-379E9A00647B}.Debug|x64.Build.0 = Debug|Any CPU
		{EFBAF3D5-0E1B-4D1F-B9B9-379E9A00647B}.Release|Any CPU.ActiveCfg = Release|Any CPU
		{EFBAF3D5-0E1B-4D1F-B9B9-379E9A00647B}.Release|Any CPU.Build.0 = Release|Any CPU
		{EFBAF3D5-0E1B-4D1F-B9B9-379E9A00647B}.Release|x64.ActiveCfg = Release|Any CPU
		{EFBAF3D5-0E1B-4D1F-B9B9-379E9A00647B}.Release|x64.Build.0 = Release|Any CPU
	EndGlobalSection
	GlobalSection(SolutionProperties) = preSolution
		HideSolutionNode = FALSE
	EndGlobalSection
	GlobalSection(ExtensibilityGlobals) = postSolution
		SolutionGuid = {6A173249-8260-44C2-9323-D5721DD96C25}
	EndGlobalSection
EndGlobal
